
Microsoft Visual Studio Solution File, Format Version 12.00
# Visual Studio 2015
Project("{FAE04EC0-301F-11D3-BF4B-00C04F79EFBC}") = "TurnBasedMechanics.CSharp.Plugins", "TurnBasedMechanics.CSharp.Plugins.csproj", "{32E4D08E-B030-70DC-2284-8E8CC7E9BA83}"
EndProject
Project("{FAE04EC0-301F-11D3-BF4B-00C04F79EFBC}") = "TurnBasedMechanics.CSharp", "TurnBasedMechanics.CSharp.csproj", "{20666D14-E7D7-73A9-468B-6E2BAEC2ADE4}"
EndProject
Project("{FAE04EC0-301F-11D3-BF4B-00C04F79EFBC}") = "TurnBasedMechanics.CSharp.Editor", "TurnBasedMechanics.CSharp.Editor.csproj", "{CAFACC06-029F-8C6E-FB87-57D2A5C731CF}"
EndProject
Global
	GlobalSection(SolutionConfigurationPlatforms) = preSolution
		Debug|Any CPU = Debug|Any CPU
		Release|Any CPU = Release|Any CPU
	EndGlobalSection
	GlobalSection(ProjectConfigurationPlatforms) = postSolution
		{32E4D08E-B030-70DC-2284-8E8CC7E9BA83}.Debug|Any CPU.ActiveCfg = Debug|Any CPU
		{32E4D08E-B030-70DC-2284-8E8CC7E9BA83}.Debug|Any CPU.Build.0 = Debug|Any CPU
		{32E4D08E-B030-70DC-2284-8E8CC7E9BA83}.Release|Any CPU.ActiveCfg = Release|Any CPU
		{32E4D08E-B030-70DC-2284-8E8CC7E9BA83}.Release|Any CPU.Build.0 = Release|Any CPU
		{20666D14-E7D7-73A9-468B-6E2BAEC2ADE4}.Debug|Any CPU.ActiveCfg = Debug|Any CPU
		{20666D14-E7D7-73A9-468B-6E2BAEC2ADE4}.Debug|Any CPU.Build.0 = Debug|Any CPU
		{20666D14-E7D7-73A9-468B-6E2BAEC2ADE4}.Release|Any CPU.ActiveCfg = Release|Any CPU
		{20666D14-E7D7-73A9-468B-6E2BAEC2ADE4}.Release|Any CPU.Build.0 = Release|Any CPU
		{CAFACC06-029F-8C6E-FB87-57D2A5C731CF}.Debug|Any CPU.ActiveCfg = Debug|Any CPU
		{CAFACC06-029F-8C6E-FB87-57D2A5C731CF}.Debug|Any CPU.Build.0 = Debug|Any CPU
		{CAFACC06-029F-8C6E-FB87-57D2A5C731CF}.Release|Any CPU.ActiveCfg = Release|Any CPU
		{CAFACC06-029F-8C6E-FB87-57D2A5C731CF}.Release|Any CPU.Build.0 = Release|Any CPU
	EndGlobalSection
	GlobalSection(SolutionProperties) = preSolution
		HideSolutionNode = FALSE
	EndGlobalSection
EndGlobal
